
Microsoft Visual Studio Solution File, Format Version 12.00
# Visual Studio Version 16
VisualStudioVersion = 16.0.33801.447
MinimumVisualStudioVersion = 10.0.40219.1
Project("{FAE04EC0-301F-11D3-BF4B-00C04F79EFBC}") = "Booking.InsertData", "Booking.InsertData.csproj", "{8167B0AF-5BD0-4E27-84C0-A627335BCCB3}"
EndProject
Project("{FAE04EC0-301F-11D3-BF4B-00C04F79EFBC}") = "Booking.API", "..\Booking.API\Booking.API.csproj", "{948336C1-8AE1-487E-B838-415470E1D9D5}"
EndProject
Project("{FAE04EC0-301F-11D3-BF4B-00C04F79EFBC}") = "Booking.Core", "..\Booking.Core\Booking.Core.csproj", "{0BABCFB7-CAB9-4475-BAC7-C55A006D554D}"
EndProject
Global
	GlobalSection(SolutionConfigurationPlatforms) = preSolution
		Debug|Any CPU = Debug|Any CPU
		Release|Any CPU = Release|Any CPU
	EndGlobalSection
	GlobalSection(ProjectConfigurationPlatforms) = postSolution
		{8167B0AF-5BD0-4E27-84C0-A627335BCCB3}.Debug|Any CPU.ActiveCfg = Debug|Any CPU
		{8167B0AF-5BD0-4E27-84C0-A627335BCCB3}.Debug|Any CPU.Build.0 = Debug|Any CPU
		{8167B0AF-5BD0-4E27-84C0-A627335BCCB3}.Release|Any CPU.ActiveCfg = Release|Any CPU
		{8167B0AF-5BD0-4E27-84C0-A627335BCCB3}.Release|Any CPU.Build.0 = Release|Any CPU
		{948336C1-8AE1-487E-B838-415470E1D9D5}.Debug|Any CPU.ActiveCfg = Debug|Any CPU
		{948336C1-8AE1-487E-B838-415470E1D9D5}.Debug|Any CPU.Build.0 = Debug|Any CPU
		{948336C1-8AE1-487E-B838-415470E1D9D5}.Release|Any CPU.ActiveCfg = Release|Any CPU
		{948336C1-8AE1-487E-B838-415470E1D9D5}.Release|Any CPU.Build.0 = Release|Any CPU
		{0BABCFB7-CAB9-4475-BAC7-C55A006D554D}.Debug|Any CPU.ActiveCfg = Debug|Any CPU
		{0BABCFB7-CAB9-4475-BAC7-C55A006D554D}.Debug|Any CPU.Build.0 = Debug|Any CPU
		{0BABCFB7-CAB9-4475-BAC7-C55A006D554D}.Release|Any CPU.ActiveCfg = Release|Any CPU
		{0BABCFB7-CAB9-4475-BAC7-C55A006D554D}.Release|Any CPU.Build.0 = Release|Any CPU
	EndGlobalSection
	GlobalSection(SolutionProperties) = preSolution
		HideSolutionNode = FALSE
	EndGlobalSection
	GlobalSection(ExtensibilityGlobals) = postSolution
		SolutionGuid = {B0174E39-5BE0-4090-92CD-304D24BC7839}
	EndGlobalSection
EndGlobal
